# Windows x64 / CPython 3.11 through 3.14; exact wheel hashes.
numpy==2.3.5 \
    --hash=sha256:00dc4e846108a382c5869e77c6ed514394bdeb3403461d25a829711041217d5b \
    --hash=sha256:86945f2ee6d10cdfd67bcb4069c1662dd711f7e2a4343db5cecec06b87cf31aa \
    --hash=sha256:a414504bef8945eae5f2d7cb7be2d4af77c5d1cb5e20b296c2c25b61dff2900c \
    --hash=sha256:e6a0bc88393d65807d751a614207b7129a310ca4fe76a74e5c7da5fa5671417e
opencv-python-headless==5.0.0.93 \
    --hash=sha256:829717b6a95554f273e49e357cee3b3a2a26b6f4842fbc1bed2b45bdd8f87e0e
pillow==12.3.0 \
    --hash=sha256:1cca606cd25738df4ed873d5ad46bbdb3d83b5cbca291f6b4ff13a4df6b0bbe8 \
    --hash=sha256:8e95e1385e4998ae9694eeaa4730ba5457ff61185b3a55e2e7bea0880aef452a \
    --hash=sha256:a2b55dd6b2a4c4b7d87ffa56bdb33fdc5fdb9a462173861a7bc097f17d91cb09 \
    --hash=sha256:fdafc9cce40277e0f7a0feabce0ee50dd2fa1800f3b38015e51296b5e814048d
mss==10.2.0 \
    --hash=sha256:e79f428899280e7e64e38365b5bfed683851ebea807eeaeadaf06eb8e0d67197
